
Microsoft Visual Studio Solution File, Format Version 12.00
# Visual Studio Version 17
VisualStudioVersion = 17.7.34024.191
MinimumVisualStudioVersion = 10.0.40219.1
Project("{FAE04EC0-301F-11D3-BF4B-00C04F79EFBC}") = "OilPricesProfile", "OilPricesProfile\OilPricesProfile.csproj", "{389C20C7-0630-4241-843B-F49C827B923B}"
EndProject
Global
	GlobalSection(SolutionConfigurationPlatforms) = preSolution
		Debug|Any CPU = Debug|Any CPU
		Release|Any CPU = Release|Any CPU
	EndGlobalSection
	GlobalSection(ProjectConfigurationPlatforms) = postSolution
		{389C20C7-0630-4241-843B-F49C827B923B}.Debug|Any CPU.ActiveCfg = Debug|Any CPU
		{389C20C7-0630-4241-843B-F49C827B923B}.Debug|Any CPU.Build.0 = Debug|Any CPU
		{389C20C7-0630-4241-843B-F49C827B923B}.Release|Any CPU.ActiveCfg = Release|Any CPU
		{389C20C7-0630-4241-843B-F49C827B923B}.Release|Any CPU.Build.0 = Release|Any CPU
	EndGlobalSection
	GlobalSection(SolutionProperties) = preSolution
		HideSolutionNode = FALSE
	EndGlobalSection
	GlobalSection(ExtensibilityGlobals) = postSolution
		SolutionGuid = {52BF3D15-5582-416C-BFE8-A370478AFD43}
	EndGlobalSection
EndGlobal
